id: rfidmimo_rx_dec
label: rx_dec
category: '[rfidmimo]'

templates:
  imports: import rfidmimo
  make: rfidmimo.rx_dec(${num_ant}, ${samp_rate})

#  Make one 'parameters' list entry for every parameter you want settable from the GUI.
#     Keys include:
#     * id (makes the value accessible as \$keyname, e.g. in the make entry)
#     * label (label shown in the GUI)
#     * dtype (e.g. int, float, complex, byte, short, xxx_vector, ...)
parameters:
- id: num_ant
  label: num_ant
  dtype: int
  default: num_ant
- id: samp_rate
  label: samp_rate
  dtype: float
  default: samp_rate

#  Make one 'inputs' list entry per input and one 'outputs' list entry per output.
#  Keys include:
#      * label (an identifier for the GUI)
#      * domain (optional - stream or message. Default is stream)
#      * dtype (e.g. int, float, complex, byte, short, xxx_vector, ...)
#      * vlen (optional - data stream vector length. Default is 1)
#      * optional (optional - set to 1 for optional inputs. Default is 0)
inputs:
- label: in
  dtype: complex
- label: in
  dtype: complex

outputs:
- label: out
  dtype: complex
- label: out
  dtype: complex

#  'file_format' specifies the version of the GRC yml format used in the file
#  and should usually not be changed.
file_format: 1
